// !$*UTF8*$!
{
	archiveVersion = 1;
	classes = {
	};
	objectVersion = 55;
	objects = {

/* Begin PBXBuildFile section */
		AB042ABD27C15EA900FB9503 /* Bookmarks.swift in Sources */ = {isa = PBXBuildFile; fileRef = AB042ABC27C15EA800FB9503 /* Bookmarks.swift */; };
		AB042ABF27C160AD00FB9503 /* BookmarksView.swift in Sources */ = {isa = PBXBuildFile; fileRef = AB042ABE27C160AD00FB9503 /* BookmarksView.swift */; };
		AB042AC127C1615700FB9503 /* Bookmark.swift in Sources */ = {isa = PBXBuildFile; fileRef = AB042AC027C1615700FB9503 /* Bookmark.swift */; };
		AB042AC327C1761800FB9503 /* BookmarkView.swift in Sources */ = {isa = PBXBuildFile; fileRef = AB042AC227C1761800FB9503 /* BookmarkView.swift */; };
		AB042AC527C191D100FB9503 /* LinkContextMenu.swift in Sources */ = {isa = PBXBuildFile; fileRef = AB042AC427C191D100FB9503 /* LinkContextMenu.swift */; };
		AB15E4D427C81A6200B36174 /* SourceCodePro-VariableFont_wght.ttf in Resources */ = {isa = PBXBuildFile; fileRef = AB15E4D327C81A6200B36174 /* SourceCodePro-VariableFont_wght.ttf */; };
		AB15E4FD27C940D500B36174 /* AttributedTextImpl.swift in Sources */ = {isa = PBXBuildFile; fileRef = AB15E4FC27C940D500B36174 /* AttributedTextImpl.swift */; };
		AB15E4FF27C941D600B36174 /* AttributedText.swift in Sources */ = {isa = PBXBuildFile; fileRef = AB15E4FE27C941D600B36174 /* AttributedText.swift */; };
		AB15E50127CC032900B36174 /* TabTextView.swift in Sources */ = {isa = PBXBuildFile; fileRef = AB15E50027CC032900B36174 /* TabTextView.swift */; };
		AB15E50327CC038000B36174 /* TabLineView.swift in Sources */ = {isa = PBXBuildFile; fileRef = AB15E50227CC038000B36174 /* TabLineView.swift */; };
		AB32639C27BE3D3E004F93E0 /* TabList.swift in Sources */ = {isa = PBXBuildFile; fileRef = AB32639B27BE3D3E004F93E0 /* TabList.swift */; };
		AB32639E27BE3D5D004F93E0 /* Tab.swift in Sources */ = {isa = PBXBuildFile; fileRef = AB32639D27BE3D5D004F93E0 /* Tab.swift */; };
		AB3263A027BE64AA004F93E0 /* ContentParser.swift in Sources */ = {isa = PBXBuildFile; fileRef = AB32639F27BE64AA004F93E0 /* ContentParser.swift */; };
		AB3263A227BE76EF004F93E0 /* LinkView.swift in Sources */ = {isa = PBXBuildFile; fileRef = AB3263A127BE76EF004F93E0 /* LinkView.swift */; };
		AB3263A627BE7A5A004F93E0 /* LineView.swift in Sources */ = {isa = PBXBuildFile; fileRef = AB3263A527BE7A5A004F93E0 /* LineView.swift */; };
		AB3263A827BE7D6E004F93E0 /* Header.swift in Sources */ = {isa = PBXBuildFile; fileRef = AB3263A727BE7D6E004F93E0 /* Header.swift */; };
		AB3263AD27C02316004F93E0 /* TabContentWrapperView.swift in Sources */ = {isa = PBXBuildFile; fileRef = AB3263AC27C02316004F93E0 /* TabContentWrapperView.swift */; };
		AB3263B127C04946004F93E0 /* URLParser.swift in Sources */ = {isa = PBXBuildFile; fileRef = AB3263B027C04946004F93E0 /* URLParser.swift */; };
		AB47128027C7DD4000D21B94 /* InfoPlist.strings in Resources */ = {isa = PBXBuildFile; fileRef = AB47127E27C7DD4000D21B94 /* InfoPlist.strings */; };
		AB47128327C7DD6800D21B94 /* Localizable.strings in Resources */ = {isa = PBXBuildFile; fileRef = AB47128127C7DD6800D21B94 /* Localizable.strings */; };
		ABE3E17C27BDADBE00418606 /* jimmyApp.swift in Sources */ = {isa = PBXBuildFile; fileRef = ABE3E17B27BDADBE00418606 /* jimmyApp.swift */; };
		ABE3E17E27BDADBE00418606 /* ContentView.swift in Sources */ = {isa = PBXBuildFile; fileRef = ABE3E17D27BDADBE00418606 /* ContentView.swift */; };
		ABE3E18027BDADBF00418606 /* Assets.xcassets in Resources */ = {isa = PBXBuildFile; fileRef = ABE3E17F27BDADBF00418606 /* Assets.xcassets */; };
		ABE3E18327BDADBF00418606 /* Preview Assets.xcassets in Resources */ = {isa = PBXBuildFile; fileRef = ABE3E18227BDADBF00418606 /* Preview Assets.xcassets */; };
		ABE3E18B27BDB1E000418606 /* ClientConnection.swift in Sources */ = {isa = PBXBuildFile; fileRef = ABE3E18A27BDB1E000418606 /* ClientConnection.swift */; };
		ABE3E18D27BDB29400418606 /* Client.swift in Sources */ = {isa = PBXBuildFile; fileRef = ABE3E18C27BDB29400418606 /* Client.swift */; };
		ABE3E18F27BDC4D400418606 /* UrlView.swift in Sources */ = {isa = PBXBuildFile; fileRef = ABE3E18E27BDC4D400418606 /* UrlView.swift */; };
		ABF369F127C6DCB70071A557 /* CommandsView.swift in Sources */ = {isa = PBXBuildFile; fileRef = ABF369F027C6DCB70071A557 /* CommandsView.swift */; };
		ABF369F327C6E7350071A557 /* History.swift in Sources */ = {isa = PBXBuildFile; fileRef = ABF369F227C6E7350071A557 /* History.swift */; };
		ABF369F527C6E7A00071A557 /* IgnoredCertificates.swift in Sources */ = {isa = PBXBuildFile; fileRef = ABF369F427C6E7A00071A557 /* IgnoredCertificates.swift */; };
		ABF9747D27C2F4B300812AE4 /* Emojis.swift in Sources */ = {isa = PBXBuildFile; fileRef = ABF9747C27C2F4B300812AE4 /* Emojis.swift */; };
/* End PBXBuildFile section */

/* Begin PBXFileReference section */
		AB042ABC27C15EA800FB9503 /* Bookmarks.swift */ = {isa = PBXFileReference; lastKnownFileType = sourcecode.swift; path = Bookmarks.swift; sourceTree = "<group>"; };
		AB042ABE27C160AD00FB9503 /* BookmarksView.swift */ = {isa = PBXFileReference; lastKnownFileType = sourcecode.swift; path = BookmarksView.swift; sourceTree = "<group>"; };
		AB042AC027C1615700FB9503 /* Bookmark.swift */ = {isa = PBXFileReference; lastKnownFileType = sourcecode.swift; path = Bookmark.swift; sourceTree = "<group>"; };
		AB042AC227C1761800FB9503 /* BookmarkView.swift */ = {isa = PBXFileReference; lastKnownFileType = sourcecode.swift; path = BookmarkView.swift; sourceTree = "<group>"; };
		AB042AC427C191D100FB9503 /* LinkContextMenu.swift */ = {isa = PBXFileReference; lastKnownFileType = sourcecode.swift; path = LinkContextMenu.swift; sourceTree = "<group>"; };
		AB15E4D227C7DE4800B36174 /* es */ = {isa = PBXFileReference; lastKnownFileType = text.plist.strings; name = es; path = es.lproj/Localizable.strings; sourceTree = "<group>"; };
		AB15E4D327C81A6200B36174 /* SourceCodePro-VariableFont_wght.ttf */ = {isa = PBXFileReference; lastKnownFileType = file; path = "SourceCodePro-VariableFont_wght.ttf"; sourceTree = "<group>"; };
		AB15E4FC27C940D500B36174 /* AttributedTextImpl.swift */ = {isa = PBXFileReference; lastKnownFileType = sourcecode.swift; path = AttributedTextImpl.swift; sourceTree = "<group>"; };
		AB15E4FE27C941D600B36174 /* AttributedText.swift */ = {isa = PBXFileReference; lastKnownFileType = sourcecode.swift; path = AttributedText.swift; sourceTree = "<group>"; };
		AB15E50027CC032900B36174 /* TabTextView.swift */ = {isa = PBXFileReference; lastKnownFileType = sourcecode.swift; path = TabTextView.swift; sourceTree = "<group>"; };
		AB15E50227CC038000B36174 /* TabLineView.swift */ = {isa = PBXFileReference; lastKnownFileType = sourcecode.swift; path = TabLineView.swift; sourceTree = "<group>"; };
		AB32639B27BE3D3E004F93E0 /* TabList.swift */ = {isa = PBXFileReference; lastKnownFileType = sourcecode.swift; path = TabList.swift; sourceTree = "<group>"; };
		AB32639D27BE3D5D004F93E0 /* Tab.swift */ = {isa = PBXFileReference; lastKnownFileType = sourcecode.swift; path = Tab.swift; sourceTree = "<group>"; };
		AB32639F27BE64AA004F93E0 /* ContentParser.swift */ = {isa = PBXFileReference; lastKnownFileType = sourcecode.swift; path = ContentParser.swift; sourceTree = "<group>"; };
		AB3263A127BE76EF004F93E0 /* LinkView.swift */ = {isa = PBXFileReference; lastKnownFileType = sourcecode.swift; path = LinkView.swift; sourceTree = "<group>"; };
		AB3263A527BE7A5A004F93E0 /* LineView.swift */ = {isa = PBXFileReference; lastKnownFileType = sourcecode.swift; path = LineView.swift; sourceTree = "<group>"; };
		AB3263A727BE7D6E004F93E0 /* Header.swift */ = {isa = PBXFileReference; lastKnownFileType = sourcecode.swift; path = Header.swift; sourceTree = "<group>"; };
		AB3263AB27BF0D32004F93E0 /* Info.plist */ = {isa = PBXFileReference; lastKnownFileType = text.plist; path = Info.plist; sourceTree = "<group>"; };
		AB3263AC27C02316004F93E0 /* TabContentWrapperView.swift */ = {isa = PBXFileReference; lastKnownFileType = sourcecode.swift; path = TabContentWrapperView.swift; sourceTree = "<group>"; };
		AB3263B027C04946004F93E0 /* URLParser.swift */ = {isa = PBXFileReference; lastKnownFileType = sourcecode.swift; path = URLParser.swift; sourceTree = "<group>"; };
		AB3263B227C0588A004F93E0 /* README.md */ = {isa = PBXFileReference; lastKnownFileType = net.daringfireball.markdown; path = README.md; sourceTree = "<group>"; };
		AB3263B327C05A3F004F93E0 /* logo.svg */ = {isa = PBXFileReference; lastKnownFileType = text; path = logo.svg; sourceTree = "<group>"; };
		AB47127F27C7DD4000D21B94 /* en */ = {isa = PBXFileReference; lastKnownFileType = text.plist.strings; name = en; path = en.lproj/InfoPlist.strings; sourceTree = "<group>"; };
		AB47128227C7DD6800D21B94 /* fr */ = {isa = PBXFileReference; lastKnownFileType = text.plist.strings; name = fr; path = fr.lproj/Localizable.strings; sourceTree = "<group>"; };
		AB47128427C7DDD000D21B94 /* es */ = {isa = PBXFileReference; lastKnownFileType = text.plist.strings; name = es; path = es.lproj/InfoPlist.strings; sourceTree = "<group>"; };
		ABE3E17827BDADBE00418606 /* jimmy.app */ = {isa = PBXFileReference; explicitFileType = wrapper.application; includeInIndex = 0; path = jimmy.app; sourceTree = BUILT_PRODUCTS_DIR; };
		ABE3E17B27BDADBE00418606 /* jimmyApp.swift */ = {isa = PBXFileReference; lastKnownFileType = sourcecode.swift; path = jimmyApp.swift; sourceTree = "<group>"; };
		ABE3E17D27BDADBE00418606 /* ContentView.swift */ = {isa = PBXFileReference; lastKnownFileType = sourcecode.swift; path = ContentView.swift; sourceTree = "<group>"; };
		ABE3E17F27BDADBF00418606 /* Assets.xcassets */ = {isa = PBXFileReference; lastKnownFileType = folder.assetcatalog; path = Assets.xcassets; sourceTree = "<group>"; };
		ABE3E18227BDADBF00418606 /* Preview Assets.xcassets */ = {isa = PBXFileReference; lastKnownFileType = folder.assetcatalog; path = "Preview Assets.xcassets"; sourceTree = "<group>"; };
		ABE3E18427BDADBF00418606 /* jimmy.entitlements */ = {isa = PBXFileReference; lastKnownFileType = text.plist.entitlements; path = jimmy.entitlements; sourceTree = "<group>"; };
		ABE3E18A27BDB1E000418606 /* ClientConnection.swift */ = {isa = PBXFileReference; lastKnownFileType = sourcecode.swift; path = ClientConnection.swift; sourceTree = "<group>"; };
		ABE3E18C27BDB29400418606 /* Client.swift */ = {isa = PBXFileReference; lastKnownFileType = sourcecode.swift; path = Client.swift; sourceTree = "<group>"; };
		ABE3E18E27BDC4D400418606 /* UrlView.swift */ = {isa = PBXFileReference; lastKnownFileType = sourcecode.swift; path = UrlView.swift; sourceTree = "<group>"; };
		ABF369F027C6DCB70071A557 /* CommandsView.swift */ = {isa = PBXFileReference; lastKnownFileType = sourcecode.swift; path = CommandsView.swift; sourceTree = "<group>"; };
		ABF369F227C6E7350071A557 /* History.swift */ = {isa = PBXFileReference; lastKnownFileType = sourcecode.swift; path = History.swift; sourceTree = "<group>"; };
		ABF369F427C6E7A00071A557 /* IgnoredCertificates.swift */ = {isa = PBXFileReference; lastKnownFileType = sourcecode.swift; path = IgnoredCertificates.swift; sourceTree = "<group>"; };
		ABF9747C27C2F4B300812AE4 /* Emojis.swift */ = {isa = PBXFileReference; lastKnownFileType = sourcecode.swift; path = Emojis.swift; sourceTree = "<group>"; };
/* End PBXFileReference section */

/* Begin PBXFrameworksBuildPhase section */
		ABE3E17527BDADBE00418606 /* Frameworks */ = {
			isa = PBXFrameworksBuildPhase;
			buildActionMask = 2147483647;
			files = (
			);
			runOnlyForDeploymentPostprocessing = 0;
		};
/* End PBXFrameworksBuildPhase section */

/* Begin PBXGroup section */
		AB15E4D527C81A6D00B36174 /* Fonts */ = {
			isa = PBXGroup;
			children = (
				AB15E4D327C81A6200B36174 /* SourceCodePro-VariableFont_wght.ttf */,
			);
			path = Fonts;
			sourceTree = "<group>";
		};
		ABA46DE227C3D23500C3DC41 /* Models */ = {
			isa = PBXGroup;
			children = (
				AB3263A727BE7D6E004F93E0 /* Header.swift */,
				AB042ABC27C15EA800FB9503 /* Bookmarks.swift */,
				ABF369F227C6E7350071A557 /* History.swift */,
				ABF369F427C6E7A00071A557 /* IgnoredCertificates.swift */,
				AB042AC027C1615700FB9503 /* Bookmark.swift */,
				AB32639B27BE3D3E004F93E0 /* TabList.swift */,
				AB32639D27BE3D5D004F93E0 /* Tab.swift */,
			);
			path = Models;
			sourceTree = "<group>";
		};
		ABA46DE327C3D25400C3DC41 /* Views */ = {
			isa = PBXGroup;
			children = (
				AB3263A127BE76EF004F93E0 /* LinkView.swift */,
				AB042AC427C191D100FB9503 /* LinkContextMenu.swift */,
				AB3263A527BE7A5A004F93E0 /* LineView.swift */,
				AB042ABE27C160AD00FB9503 /* BookmarksView.swift */,
				AB042AC227C1761800FB9503 /* BookmarkView.swift */,
				ABE3E17D27BDADBE00418606 /* ContentView.swift */,
				AB3263AC27C02316004F93E0 /* TabContentWrapperView.swift */,
				AB15E50027CC032900B36174 /* TabTextView.swift */,
				AB15E50227CC038000B36174 /* TabLineView.swift */,
				ABE3E18E27BDC4D400418606 /* UrlView.swift */,
				ABF369F027C6DCB70071A557 /* CommandsView.swift */,
				AB15E4FC27C940D500B36174 /* AttributedTextImpl.swift */,
				AB15E4FE27C941D600B36174 /* AttributedText.swift */,
			);
			path = Views;
			sourceTree = "<group>";
		};
		ABA46DE427C3D29D00C3DC41 /* Network */ = {
			isa = PBXGroup;
			children = (
				ABE3E18A27BDB1E000418606 /* ClientConnection.swift */,
				ABE3E18C27BDB29400418606 /* Client.swift */,
			);
			path = Network;
			sourceTree = "<group>";
		};
		ABA46DE527C3D2BA00C3DC41 /* Utils */ = {
			isa = PBXGroup;
			children = (
				AB32639F27BE64AA004F93E0 /* ContentParser.swift */,
				AB3263B027C04946004F93E0 /* URLParser.swift */,
				ABF9747C27C2F4B300812AE4 /* Emojis.swift */,
			);
			path = Utils;
			sourceTree = "<group>";
		};
		ABE3E16F27BDADBE00418606 = {
			isa = PBXGroup;
			children = (
				AB3263B327C05A3F004F93E0 /* logo.svg */,
				AB3263B227C0588A004F93E0 /* README.md */,
				ABE3E17A27BDADBE00418606 /* jimmy */,
				ABE3E17927BDADBE00418606 /* Products */,
			);
			sourceTree = "<group>";
		};
		ABE3E17927BDADBE00418606 /* Products */ = {
			isa = PBXGroup;
			children = (
				ABE3E17827BDADBE00418606 /* jimmy.app */,
			);
			name = Products;
			sourceTree = "<group>";
		};
		ABE3E17A27BDADBE00418606 /* jimmy */ = {
			isa = PBXGroup;
			children = (
				AB15E4D527C81A6D00B36174 /* Fonts */,
				ABA46DE527C3D2BA00C3DC41 /* Utils */,
				ABA46DE427C3D29D00C3DC41 /* Network */,
				ABA46DE327C3D25400C3DC41 /* Views */,
				ABA46DE227C3D23500C3DC41 /* Models */,
				AB3263AB27BF0D32004F93E0 /* Info.plist */,
				AB47128127C7DD6800D21B94 /* Localizable.strings */,
				AB47127E27C7DD4000D21B94 /* InfoPlist.strings */,
				ABE3E17B27BDADBE00418606 /* jimmyApp.swift */,
				ABE3E17F27BDADBF00418606 /* Assets.xcassets */,
				ABE3E18427BDADBF00418606 /* jimmy.entitlements */,
				ABE3E18127BDADBF00418606 /* Preview Content */,
			);
			path = jimmy;
			sourceTree = "<group>";
		};
		ABE3E18127BDADBF00418606 /* Preview Content */ = {
			isa = PBXGroup;
			children = (
				ABE3E18227BDADBF00418606 /* Preview Assets.xcassets */,
			);
			path = "Preview Content";
			sourceTree = "<group>";
		};
/* End PBXGroup section */

/* Begin PBXNativeTarget section */
		ABE3E17727BDADBE00418606 /* jimmy */ = {
			isa = PBXNativeTarget;
			buildConfigurationList = ABE3E18727BDADBF00418606 /* Build configuration list for PBXNativeTarget "jimmy" */;
			buildPhases = (
				ABE3E17427BDADBE00418606 /* Sources */,
				ABE3E17527BDADBE00418606 /* Frameworks */,
				ABE3E17627BDADBE00418606 /* Resources */,
			);
			buildRules = (
			);
			dependencies = (
			);
			name = jimmy;
			productName = jimmy;
			productReference = ABE3E17827BDADBE00418606 /* jimmy.app */;
			productType = "com.apple.product-type.application";
		};
/* End PBXNativeTarget section */

/* Begin PBXProject section */
		ABE3E17027BDADBE00418606 /* Project object */ = {
			isa = PBXProject;
			attributes = {
				BuildIndependentTargetsInParallel = 1;
				LastSwiftUpdateCheck = 1320;
				LastUpgradeCheck = 1320;
				TargetAttributes = {
					ABE3E17727BDADBE00418606 = {
						CreatedOnToolsVersion = 13.2.1;
					};
				};
			};
			buildConfigurationList = ABE3E17327BDADBE00418606 /* Build configuration list for PBXProject "jimmy" */;
			compatibilityVersion = "Xcode 13.0";
			developmentRegion = en;
			hasScannedForEncodings = 0;
			knownRegions = (
				en,
				fr,
				Base,
				es,
			);
			mainGroup = ABE3E16F27BDADBE00418606;
			productRefGroup = ABE3E17927BDADBE00418606 /* Products */;
			projectDirPath = "";
			projectRoot = "";
			targets = (
				ABE3E17727BDADBE00418606 /* jimmy */,
			);
		};
/* End PBXProject section */

/* Begin PBXResourcesBuildPhase section */
		ABE3E17627BDADBE00418606 /* Resources */ = {
			isa = PBXResourcesBuildPhase;
			buildActionMask = 2147483647;
			files = (
				ABE3E18327BDADBF00418606 /* Preview Assets.xcassets in Resources */,
				AB47128327C7DD6800D21B94 /* Localizable.strings in Resources */,
				AB47128027C7DD4000D21B94 /* InfoPlist.strings in Resources */,
				ABE3E18027BDADBF00418606 /* Assets.xcassets in Resources */,
				AB15E4D427C81A6200B36174 /* SourceCodePro-VariableFont_wght.ttf in Resources */,
			);
			runOnlyForDeploymentPostprocessing = 0;
		};
/* End PBXResourcesBuildPhase section */

/* Begin PBXSourcesBuildPhase section */
		ABE3E17427BDADBE00418606 /* Sources */ = {
			isa = PBXSourcesBuildPhase;
			buildActionMask = 2147483647;
			files = (
				ABF9747D27C2F4B300812AE4 /* Emojis.swift in Sources */,
				AB3263B127C04946004F93E0 /* URLParser.swift in Sources */,
				ABF369F127C6DCB70071A557 /* CommandsView.swift in Sources */,
				ABE3E18B27BDB1E000418606 /* ClientConnection.swift in Sources */,
				ABE3E17E27BDADBE00418606 /* ContentView.swift in Sources */,
				AB042ABD27C15EA900FB9503 /* Bookmarks.swift in Sources */,
				ABF369F527C6E7A00071A557 /* IgnoredCertificates.swift in Sources */,
				AB15E50127CC032900B36174 /* TabTextView.swift in Sources */,
				AB15E50327CC038000B36174 /* TabLineView.swift in Sources */,
				ABE3E18F27BDC4D400418606 /* UrlView.swift in Sources */,
				AB3263A627BE7A5A004F93E0 /* LineView.swift in Sources */,
				ABE3E18D27BDB29400418606 /* Client.swift in Sources */,
				ABF369F327C6E7350071A557 /* History.swift in Sources */,
				AB32639C27BE3D3E004F93E0 /* TabList.swift in Sources */,
				AB15E4FF27C941D600B36174 /* AttributedText.swift in Sources */,
				AB32639E27BE3D5D004F93E0 /* Tab.swift in Sources */,
				AB042ABF27C160AD00FB9503 /* BookmarksView.swift in Sources */,
				AB3263A027BE64AA004F93E0 /* ContentParser.swift in Sources */,
				AB3263A827BE7D6E004F93E0 /* Header.swift in Sources */,
				AB3263AD27C02316004F93E0 /* TabContentWrapperView.swift in Sources */,
				AB15E4FD27C940D500B36174 /* AttributedTextImpl.swift in Sources */,
				AB042AC527C191D100FB9503 /* LinkContextMenu.swift in Sources */,
				AB3263A227BE76EF004F93E0 /* LinkView.swift in Sources */,
				AB042AC327C1761800FB9503 /* BookmarkView.swift in Sources */,
				ABE3E17C27BDADBE00418606 /* jimmyApp.swift in Sources */,
				AB042AC127C1615700FB9503 /* Bookmark.swift in Sources */,
			);
			runOnlyForDeploymentPostprocessing = 0;
		};
/* End PBXSourcesBuildPhase section */

/* Begin PBXVariantGroup section */
		AB47127E27C7DD4000D21B94 /* InfoPlist.strings */ = {
			isa = PBXVariantGroup;
			children = (
				AB47127F27C7DD4000D21B94 /* en */,
				AB47128427C7DDD000D21B94 /* es */,
			);
			name = InfoPlist.strings;
			sourceTree = "<group>";
		};
		AB47128127C7DD6800D21B94 /* Localizable.strings */ = {
			isa = PBXVariantGroup;
			children = (
				AB47128227C7DD6800D21B94 /* fr */,
				AB15E4D227C7DE4800B36174 /* es */,
			);
			name = Localizable.strings;
			sourceTree = "<group>";
		};
/* End PBXVariantGroup section */

/* Begin XCBuildConfiguration section */
		ABE3E18527BDADBF00418606 /* Debug */ = {
			isa = XCBuildConfiguration;
			buildSettings = {
				ALWAYS_SEARCH_USER_PATHS = NO;
				CLANG_ANALYZER_NONNULL = YES;
				CLANG_ANALYZER_NUMBER_OBJECT_CONVERSION = YES_AGGRESSIVE;
				CLANG_CXX_LANGUAGE_STANDARD = "gnu++17";
				CLANG_CXX_LIBRARY = "libc++";
				CLANG_ENABLE_MODULES = YES;
				CLANG_ENABLE_OBJC_ARC = YES;
				CLANG_ENABLE_OBJC_WEAK = YES;
				CLANG_WARN_BLOCK_CAPTURE_AUTORELEASING = YES;
				CLANG_WARN_BOOL_CONVERSION = YES;
				CLANG_WARN_COMMA = YES;
				CLANG_WARN_CONSTANT_CONVERSION = YES;
				CLANG_WARN_DEPRECATED_OBJC_IMPLEMENTATIONS = YES;
				CLANG_WARN_DIRECT_OBJC_ISA_USAGE = YES_ERROR;
				CLANG_WARN_DOCUMENTATION_COMMENTS = YES;
				CLANG_WARN_EMPTY_BODY = YES;
				CLANG_WARN_ENUM_CONVERSION = YES;
				CLANG_WARN_INFINITE_RECURSION = YES;
				CLANG_WARN_INT_CONVERSION = YES;
				CLANG_WARN_NON_LITERAL_NULL_CONVERSION = YES;
				CLANG_WARN_OBJC_IMPLICIT_RETAIN_SELF = YES;
				CLANG_WARN_OBJC_LITERAL_CONVERSION = YES;
				CLANG_WARN_OBJC_ROOT_CLASS = YES_ERROR;
				CLANG_WARN_QUOTED_INCLUDE_IN_FRAMEWORK_HEADER = YES;
				CLANG_WARN_RANGE_LOOP_ANALYSIS = YES;
				CLANG_WARN_STRICT_PROTOTYPES = YES;
				CLANG_WARN_SUSPICIOUS_MOVE = YES;
				CLANG_WARN_UNGUARDED_AVAILABILITY = YES_AGGRESSIVE;
				CLANG_WARN_UNREACHABLE_CODE = YES;
				CLANG_WARN__DUPLICATE_METHOD_MATCH = YES;
				COPY_PHASE_STRIP = NO;
				DEBUG_INFORMATION_FORMAT = dwarf;
				ENABLE_STRICT_OBJC_MSGSEND = YES;
				ENABLE_TESTABILITY = YES;
				GCC_C_LANGUAGE_STANDARD = gnu11;
				GCC_DYNAMIC_NO_PIC = NO;
				GCC_NO_COMMON_BLOCKS = YES;
				GCC_OPTIMIZATION_LEVEL = 0;
				GCC_PREPROCESSOR_DEFINITIONS = (
					"DEBUG=1",
					"$(inherited)",
				);
				GCC_WARN_64_TO_32_BIT_CONVERSION = YES;
				GCC_WARN_ABOUT_RETURN_TYPE = YES_ERROR;
				GCC_WARN_UNDECLARED_SELECTOR = YES;
				GCC_WARN_UNINITIALIZED_AUTOS = YES_AGGRESSIVE;
				GCC_WARN_UNUSED_FUNCTION = YES;
				GCC_WARN_UNUSED_VARIABLE = YES;
				MACOSX_DEPLOYMENT_TARGET = 12.0;
				MTL_ENABLE_DEBUG_INFO = INCLUDE_SOURCE;
				MTL_FAST_MATH = YES;
				ONLY_ACTIVE_ARCH = YES;
				SDKROOT = macosx;
				SWIFT_ACTIVE_COMPILATION_CONDITIONS = DEBUG;
				SWIFT_EMIT_LOC_STRINGS = YES;
				SWIFT_OPTIMIZATION_LEVEL = "-Onone";
			};
			name = Debug;
		};
		ABE3E18627BDADBF00418606 /* Release */ = {
			isa = XCBuildConfiguration;
			buildSettings = {
				ALWAYS_SEARCH_USER_PATHS = NO;
				CLANG_ANALYZER_NONNULL = YES;
				CLANG_ANALYZER_NUMBER_OBJECT_CONVERSION = YES_AGGRESSIVE;
				CLANG_CXX_LANGUAGE_STANDARD = "gnu++17";
				CLANG_CXX_LIBRARY = "libc++";
				CLANG_ENABLE_MODULES = YES;
				CLANG_ENABLE_OBJC_ARC = YES;
				CLANG_ENABLE_OBJC_WEAK = YES;
				CLANG_WARN_BLOCK_CAPTURE_AUTORELEASING = YES;
				CLANG_WARN_BOOL_CONVERSION = YES;
				CLANG_WARN_COMMA = YES;
				CLANG_WARN_CONSTANT_CONVERSION = YES;
				CLANG_WARN_DEPRECATED_OBJC_IMPLEMENTATIONS = YES;
				CLANG_WARN_DIRECT_OBJC_ISA_USAGE = YES_ERROR;
				CLANG_WARN_DOCUMENTATION_COMMENTS = YES;
				CLANG_WARN_EMPTY_BODY = YES;
				CLANG_WARN_ENUM_CONVERSION = YES;
				CLANG_WARN_INFINITE_RECURSION = YES;
				CLANG_WARN_INT_CONVERSION = YES;
				CLANG_WARN_NON_LITERAL_NULL_CONVERSION = YES;
				CLANG_WARN_OBJC_IMPLICIT_RETAIN_SELF = YES;
				CLANG_WARN_OBJC_LITERAL_CONVERSION = YES;
				CLANG_WARN_OBJC_ROOT_CLASS = YES_ERROR;
				CLANG_WARN_QUOTED_INCLUDE_IN_FRAMEWORK_HEADER = YES;
				CLANG_WARN_RANGE_LOOP_ANALYSIS = YES;
				CLANG_WARN_STRICT_PROTOTYPES = YES;
				CLANG_WARN_SUSPICIOUS_MOVE = YES;
				CLANG_WARN_UNGUARDED_AVAILABILITY = YES_AGGRESSIVE;
				CLANG_WARN_UNREACHABLE_CODE = YES;
				CLANG_WARN__DUPLICATE_METHOD_MATCH = YES;
				COPY_PHASE_STRIP = NO;
				DEBUG_INFORMATION_FORMAT = "dwarf-with-dsym";
				ENABLE_NS_ASSERTIONS = NO;
				ENABLE_STRICT_OBJC_MSGSEND = YES;
				GCC_C_LANGUAGE_STANDARD = gnu11;
				GCC_NO_COMMON_BLOCKS = YES;
				GCC_WARN_64_TO_32_BIT_CONVERSION = YES;
				GCC_WARN_ABOUT_RETURN_TYPE = YES_ERROR;
				GCC_WARN_UNDECLARED_SELECTOR = YES;
				GCC_WARN_UNINITIALIZED_AUTOS = YES_AGGRESSIVE;
				GCC_WARN_UNUSED_FUNCTION = YES;
				GCC_WARN_UNUSED_VARIABLE = YES;
				MACOSX_DEPLOYMENT_TARGET = 12.0;
				MTL_ENABLE_DEBUG_INFO = NO;
				MTL_FAST_MATH = YES;
				SDKROOT = macosx;
				SWIFT_COMPILATION_MODE = wholemodule;
				SWIFT_EMIT_LOC_STRINGS = YES;
				SWIFT_OPTIMIZATION_LEVEL = "-O";
			};
			name = Release;
		};
		ABE3E18827BDADBF00418606 /* Debug */ = {
			isa = XCBuildConfiguration;
			buildSettings = {
				ASSETCATALOG_COMPILER_APPICON_NAME = AppIcon;
				ASSETCATALOG_COMPILER_GLOBAL_ACCENT_COLOR_NAME = AccentColor;
				CODE_SIGN_ENTITLEMENTS = jimmy/jimmy.entitlements;
				CODE_SIGN_IDENTITY = "Apple Development";
				CODE_SIGN_STYLE = Automatic;
				COMBINE_HIDPI_IMAGES = YES;
				CURRENT_PROJECT_VERSION = 2;
				DEVELOPMENT_ASSET_PATHS = "\"jimmy/Preview Content\"";
				DEVELOPMENT_TEAM = 24G23598DF;
				ENABLE_HARDENED_RUNTIME = YES;
				ENABLE_PREVIEWS = YES;
				GENERATE_INFOPLIST_FILE = YES;
				INFOPLIST_FILE = jimmy/Info.plist;
				INFOPLIST_KEY_LSApplicationCategoryType = "public.app-category.utilities";
				INFOPLIST_KEY_NSHumanReadableCopyright = "";
				LD_RUNPATH_SEARCH_PATHS = (
					"$(inherited)",
					"@executable_path/../Frameworks",
				);
				MACOSX_DEPLOYMENT_TARGET = 12.0;
				MARKETING_VERSION = 0.2.0;
				PRODUCT_BUNDLE_IDENTIFIER = eu.6px.jimmy;
				PRODUCT_NAME = "$(TARGET_NAME)";
				SWIFT_EMIT_LOC_STRINGS = YES;
				SWIFT_VERSION = 5.0;
			};
			name = Debug;
		};
		ABE3E18927BDADBF00418606 /* Release */ = {
			isa = XCBuildConfiguration;
			buildSettings = {
				ASSETCATALOG_COMPILER_APPICON_NAME = AppIcon;
				ASSETCATALOG_COMPILER_GLOBAL_ACCENT_COLOR_NAME = AccentColor;
				CODE_SIGN_ENTITLEMENTS = jimmy/jimmy.entitlements;
				CODE_SIGN_IDENTITY = "Apple Development";
				CODE_SIGN_STYLE = Automatic;
				COMBINE_HIDPI_IMAGES = YES;
				CURRENT_PROJECT_VERSION = 2;
				DEVELOPMENT_ASSET_PATHS = "\"jimmy/Preview Content\"";
				DEVELOPMENT_TEAM = 24G23598DF;
				ENABLE_HARDENED_RUNTIME = YES;
				ENABLE_PREVIEWS = YES;
				GENERATE_INFOPLIST_FILE = YES;
				INFOPLIST_FILE = jimmy/Info.plist;
				INFOPLIST_KEY_LSApplicationCategoryType = "public.app-category.utilities";
				INFOPLIST_KEY_NSHumanReadableCopyright = "";
				LD_RUNPATH_SEARCH_PATHS = (
					"$(inherited)",
					"@executable_path/../Frameworks",
				);
				MACOSX_DEPLOYMENT_TARGET = 12.0;
				MARKETING_VERSION = 0.2.0;
				PRODUCT_BUNDLE_IDENTIFIER = eu.6px.jimmy;
				PRODUCT_NAME = "$(TARGET_NAME)";
				SWIFT_EMIT_LOC_STRINGS = YES;
				SWIFT_VERSION = 5.0;
			};
			name = Release;
		};
/* End XCBuildConfiguration section */

/* Begin XCConfigurationList section */
		ABE3E17327BDADBE00418606 /* Build configuration list for PBXProject "jimmy" */ = {
			isa = XCConfigurationList;
			buildConfigurations = (
				ABE3E18527BDADBF00418606 /* Debug */,
				ABE3E18627BDADBF00418606 /* Release */,
			);
			defaultConfigurationIsVisible = 0;
			defaultConfigurationName = Release;
		};
		ABE3E18727BDADBF00418606 /* Build configuration list for PBXNativeTarget "jimmy" */ = {
			isa = XCConfigurationList;
			buildConfigurations = (
				ABE3E18827BDADBF00418606 /* Debug */,
				ABE3E18927BDADBF00418606 /* Release */,
			);
			defaultConfigurationIsVisible = 0;
			defaultConfigurationName = Release;
		};
/* End XCConfigurationList section */
	};
	rootObject = ABE3E17027BDADBE00418606 /* Project object */;
}
